
Microsoft Visual Studio Solution File, Format Version 12.00
# Visual Studio 2012
Project("{FAE04EC0-301F-11D3-BF4B-00C04F79EFBC}") = "OfficeHours", "OfficeHours\OfficeHours.csproj", "{1CB65859-29B3-471F-A448-56EA1C2FBA40}"
EndProject
Project("{FAE04EC0-301F-11D3-BF4B-00C04F79EFBC}") = "OfficeHours.iOS", "iOS\OfficeHours.iOS.csproj", "{30B16D7A-6977-4AF6-901A-AC7728671AF8}"
EndProject
Project("{FAE04EC0-301F-11D3-BF4B-00C04F79EFBC}") = "OfficeHours.Droid", "Droid\OfficeHours.Droid.csproj", "{B864CF3C-97DD-4F82-8D4C-64774630B949}"
EndProject
Project("{FAE04EC0-301F-11D3-BF4B-00C04F79EFBC}") = "Auth0Client.iOS", "..\Xamarin.Auth0Client\src\Auth0Client.iOS\Auth0Client.iOS.csproj", "{6D7BCBB4-FA0D-44E6-BFA3-89D166F4DDCB}"
EndProject
Project("{FAE04EC0-301F-11D3-BF4B-00C04F79EFBC}") = "Auth0Client.Android", "..\Xamarin.Auth0Client\src\Auth0Client.Android\Auth0Client.Android.csproj", "{81864EA2-C020-4B1F-82E5-0634DD071084}"
EndProject
Global
	GlobalSection(SolutionConfigurationPlatforms) = preSolution
		Debug|Any CPU = Debug|Any CPU
		Release|Any CPU = Release|Any CPU
		Debug|iPhoneSimulator = Debug|iPhoneSimulator
		Release|iPhone = Release|iPhone
		Release|iPhoneSimulator = Release|iPhoneSimulator
		Debug|iPhone = Debug|iPhone
	EndGlobalSection
	GlobalSection(ProjectConfigurationPlatforms) = postSolution
		{1CB65859-29B3-471F-A448-56EA1C2FBA40}.Debug|Any CPU.ActiveCfg = Debug|Any CPU
		{1CB65859-29B3-471F-A448-56EA1C2FBA40}.Debug|Any CPU.Build.0 = Debug|Any CPU
		{1CB65859-29B3-471F-A448-56EA1C2FBA40}.Debug|iPhone.ActiveCfg = Debug|Any CPU
		{1CB65859-29B3-471F-A448-56EA1C2FBA40}.Debug|iPhone.Build.0 = Debug|Any CPU
		{1CB65859-29B3-471F-A448-56EA1C2FBA40}.Debug|iPhoneSimulator.ActiveCfg = Debug|Any CPU
		{1CB65859-29B3-471F-A448-56EA1C2FBA40}.Debug|iPhoneSimulator.Build.0 = Debug|Any CPU
		{1CB65859-29B3-471F-A448-56EA1C2FBA40}.Release|Any CPU.ActiveCfg = Release|Any CPU
		{1CB65859-29B3-471F-A448-56EA1C2FBA40}.Release|Any CPU.Build.0 = Release|Any CPU
		{1CB65859-29B3-471F-A448-56EA1C2FBA40}.Release|iPhone.ActiveCfg = Release|Any CPU
		{1CB65859-29B3-471F-A448-56EA1C2FBA40}.Release|iPhone.Build.0 = Release|Any CPU
		{1CB65859-29B3-471F-A448-56EA1C2FBA40}.Release|iPhoneSimulator.ActiveCfg = Release|Any CPU
		{1CB65859-29B3-471F-A448-56EA1C2FBA40}.Release|iPhoneSimulator.Build.0 = Release|Any CPU
		{30B16D7A-6977-4AF6-901A-AC7728671AF8}.Debug|Any CPU.ActiveCfg = Debug|iPhoneSimulator
		{30B16D7A-6977-4AF6-901A-AC7728671AF8}.Debug|Any CPU.Build.0 = Debug|iPhoneSimulator
		{30B16D7A-6977-4AF6-901A-AC7728671AF8}.Debug|iPhone.ActiveCfg = Debug|iPhone
		{30B16D7A-6977-4AF6-901A-AC7728671AF8}.Debug|iPhone.Build.0 = Debug|iPhone
		{30B16D7A-6977-4AF6-901A-AC7728671AF8}.Debug|iPhoneSimulator.ActiveCfg = Debug|iPhoneSimulator
		{30B16D7A-6977-4AF6-901A-AC7728671AF8}.Debug|iPhoneSimulator.Build.0 = Debug|iPhoneSimulator
		{30B16D7A-6977-4AF6-901A-AC7728671AF8}.Release|Any CPU.ActiveCfg = Release|iPhone
		{30B16D7A-6977-4AF6-901A-AC7728671AF8}.Release|Any CPU.Build.0 = Release|iPhone
		{30B16D7A-6977-4AF6-901A-AC7728671AF8}.Release|iPhone.ActiveCfg = Release|iPhone
		{30B16D7A-6977-4AF6-901A-AC7728671AF8}.Release|iPhone.Build.0 = Release|iPhone
		{30B16D7A-6977-4AF6-901A-AC7728671AF8}.Release|iPhoneSimulator.ActiveCfg = Release|iPhoneSimulator
		{30B16D7A-6977-4AF6-901A-AC7728671AF8}.Release|iPhoneSimulator.Build.0 = Release|iPhoneSimulator
		{6D7BCBB4-FA0D-44E6-BFA3-89D166F4DDCB}.Debug|Any CPU.ActiveCfg = Debug|Any CPU
		{6D7BCBB4-FA0D-44E6-BFA3-89D166F4DDCB}.Debug|Any CPU.Build.0 = Debug|Any CPU
		{6D7BCBB4-FA0D-44E6-BFA3-89D166F4DDCB}.Debug|iPhone.ActiveCfg = Debug|Any CPU
		{6D7BCBB4-FA0D-44E6-BFA3-89D166F4DDCB}.Debug|iPhone.Build.0 = Debug|Any CPU
		{6D7BCBB4-FA0D-44E6-BFA3-89D166F4DDCB}.Debug|iPhoneSimulator.ActiveCfg = Debug|Any CPU
		{6D7BCBB4-FA0D-44E6-BFA3-89D166F4DDCB}.Debug|iPhoneSimulator.Build.0 = Debug|Any CPU
		{6D7BCBB4-FA0D-44E6-BFA3-89D166F4DDCB}.Release|Any CPU.ActiveCfg = Release|Any CPU
		{6D7BCBB4-FA0D-44E6-BFA3-89D166F4DDCB}.Release|Any CPU.Build.0 = Release|Any CPU
		{6D7BCBB4-FA0D-44E6-BFA3-89D166F4DDCB}.Release|iPhone.ActiveCfg = Release|Any CPU
		{6D7BCBB4-FA0D-44E6-BFA3-89D166F4DDCB}.Release|iPhone.Build.0 = Release|Any CPU
		{6D7BCBB4-FA0D-44E6-BFA3-89D166F4DDCB}.Release|iPhoneSimulator.ActiveCfg = Release|Any CPU
		{6D7BCBB4-FA0D-44E6-BFA3-89D166F4DDCB}.Release|iPhoneSimulator.Build.0 = Release|Any CPU
		{81864EA2-C020-4B1F-82E5-0634DD071084}.Debug|Any CPU.ActiveCfg = Debug|Any CPU
		{81864EA2-C020-4B1F-82E5-0634DD071084}.Debug|Any CPU.Build.0 = Debug|Any CPU
		{81864EA2-C020-4B1F-82E5-0634DD071084}.Debug|iPhone.ActiveCfg = Debug|Any CPU
		{81864EA2-C020-4B1F-82E5-0634DD071084}.Debug|iPhone.Build.0 = Debug|Any CPU
		{81864EA2-C020-4B1F-82E5-0634DD071084}.Debug|iPhoneSimulator.ActiveCfg = Debug|Any CPU
		{81864EA2-C020-4B1F-82E5-0634DD071084}.Debug|iPhoneSimulator.Build.0 = Debug|Any CPU
		{81864EA2-C020-4B1F-82E5-0634DD071084}.Release|Any CPU.ActiveCfg = Release|Any CPU
		{81864EA2-C020-4B1F-82E5-0634DD071084}.Release|Any CPU.Build.0 = Release|Any CPU
		{81864EA2-C020-4B1F-82E5-0634DD071084}.Release|iPhone.ActiveCfg = Release|Any CPU
		{81864EA2-C020-4B1F-82E5-0634DD071084}.Release|iPhone.Build.0 = Release|Any CPU
		{81864EA2-C020-4B1F-82E5-0634DD071084}.Release|iPhoneSimulator.ActiveCfg = Release|Any CPU
		{81864EA2-C020-4B1F-82E5-0634DD071084}.Release|iPhoneSimulator.Build.0 = Release|Any CPU
		{B864CF3C-97DD-4F82-8D4C-64774630B949}.Debug|Any CPU.ActiveCfg = Debug|Any CPU
		{B864CF3C-97DD-4F82-8D4C-64774630B949}.Debug|Any CPU.Build.0 = Debug|Any CPU
		{B864CF3C-97DD-4F82-8D4C-64774630B949}.Debug|iPhone.ActiveCfg = Debug|Any CPU
		{B864CF3C-97DD-4F82-8D4C-64774630B949}.Debug|iPhone.Build.0 = Debug|Any CPU
		{B864CF3C-97DD-4F82-8D4C-64774630B949}.Debug|iPhoneSimulator.ActiveCfg = Debug|Any CPU
		{B864CF3C-97DD-4F82-8D4C-64774630B949}.Debug|iPhoneSimulator.Build.0 = Debug|Any CPU
		{B864CF3C-97DD-4F82-8D4C-64774630B949}.Release|Any CPU.ActiveCfg = Release|Any CPU
		{B864CF3C-97DD-4F82-8D4C-64774630B949}.Release|Any CPU.Build.0 = Release|Any CPU
		{B864CF3C-97DD-4F82-8D4C-64774630B949}.Release|iPhone.ActiveCfg = Release|Any CPU
		{B864CF3C-97DD-4F82-8D4C-64774630B949}.Release|iPhone.Build.0 = Release|Any CPU
		{B864CF3C-97DD-4F82-8D4C-64774630B949}.Release|iPhoneSimulator.ActiveCfg = Release|Any CPU
		{B864CF3C-97DD-4F82-8D4C-64774630B949}.Release|iPhoneSimulator.Build.0 = Release|Any CPU
	EndGlobalSection
EndGlobal
