
Microsoft Visual Studio Solution File, Format Version 12.00
# Visual Studio 2012
Project("{D954291E-2A0B-460D-934E-DC6B0785DB48}") = "OfficeHoursShared", "OfficeHoursShared\OfficeHoursShared.shproj", "{A6A98B4B-34BB-4381-A231-088E8770D6A3}"
EndProject
Project("{FAE04EC0-301F-11D3-BF4B-00C04F79EFBC}") = "OfficeHoursShared.iOS", "iOS\OfficeHoursShared.iOS.csproj", "{8C9B42D2-ECAA-4C27-B434-C448D63C3592}"
EndProject
Project("{FAE04EC0-301F-11D3-BF4B-00C04F79EFBC}") = "OfficeHoursShared.Droid", "Droid\OfficeHoursShared.Droid.csproj", "{4CFE4859-9B0F-4CE9-B211-666F255674EB}"
EndProject
Global
	GlobalSection(SolutionConfigurationPlatforms) = preSolution
		Debug|iPhoneSimulator = Debug|iPhoneSimulator
		Release|iPhone = Release|iPhone
		Release|iPhoneSimulator = Release|iPhoneSimulator
		Debug|iPhone = Debug|iPhone
		Debug|Any CPU = Debug|Any CPU
		Release|Any CPU = Release|Any CPU
	EndGlobalSection
	GlobalSection(ProjectConfigurationPlatforms) = postSolution
		{4CFE4859-9B0F-4CE9-B211-666F255674EB}.Debug|Any CPU.ActiveCfg = Debug|Any CPU
		{4CFE4859-9B0F-4CE9-B211-666F255674EB}.Debug|Any CPU.Build.0 = Debug|Any CPU
		{4CFE4859-9B0F-4CE9-B211-666F255674EB}.Debug|iPhone.ActiveCfg = Debug|Any CPU
		{4CFE4859-9B0F-4CE9-B211-666F255674EB}.Debug|iPhone.Build.0 = Debug|Any CPU
		{4CFE4859-9B0F-4CE9-B211-666F255674EB}.Debug|iPhoneSimulator.ActiveCfg = Debug|Any CPU
		{4CFE4859-9B0F-4CE9-B211-666F255674EB}.Debug|iPhoneSimulator.Build.0 = Debug|Any CPU
		{4CFE4859-9B0F-4CE9-B211-666F255674EB}.Release|Any CPU.ActiveCfg = Release|Any CPU
		{4CFE4859-9B0F-4CE9-B211-666F255674EB}.Release|Any CPU.Build.0 = Release|Any CPU
		{4CFE4859-9B0F-4CE9-B211-666F255674EB}.Release|iPhone.ActiveCfg = Release|Any CPU
		{4CFE4859-9B0F-4CE9-B211-666F255674EB}.Release|iPhone.Build.0 = Release|Any CPU
		{4CFE4859-9B0F-4CE9-B211-666F255674EB}.Release|iPhoneSimulator.ActiveCfg = Release|Any CPU
		{4CFE4859-9B0F-4CE9-B211-666F255674EB}.Release|iPhoneSimulator.Build.0 = Release|Any CPU
		{8C9B42D2-ECAA-4C27-B434-C448D63C3592}.Debug|Any CPU.ActiveCfg = Debug|iPhoneSimulator
		{8C9B42D2-ECAA-4C27-B434-C448D63C3592}.Debug|Any CPU.Build.0 = Debug|iPhoneSimulator
		{8C9B42D2-ECAA-4C27-B434-C448D63C3592}.Debug|iPhone.ActiveCfg = Debug|iPhone
		{8C9B42D2-ECAA-4C27-B434-C448D63C3592}.Debug|iPhone.Build.0 = Debug|iPhone
		{8C9B42D2-ECAA-4C27-B434-C448D63C3592}.Debug|iPhoneSimulator.ActiveCfg = Debug|iPhoneSimulator
		{8C9B42D2-ECAA-4C27-B434-C448D63C3592}.Debug|iPhoneSimulator.Build.0 = Debug|iPhoneSimulator
		{8C9B42D2-ECAA-4C27-B434-C448D63C3592}.Release|Any CPU.ActiveCfg = Release|iPhone
		{8C9B42D2-ECAA-4C27-B434-C448D63C3592}.Release|Any CPU.Build.0 = Release|iPhone
		{8C9B42D2-ECAA-4C27-B434-C448D63C3592}.Release|iPhone.ActiveCfg = Release|iPhone
		{8C9B42D2-ECAA-4C27-B434-C448D63C3592}.Release|iPhone.Build.0 = Release|iPhone
		{8C9B42D2-ECAA-4C27-B434-C448D63C3592}.Release|iPhoneSimulator.ActiveCfg = Release|iPhoneSimulator
		{8C9B42D2-ECAA-4C27-B434-C448D63C3592}.Release|iPhoneSimulator.Build.0 = Release|iPhoneSimulator
	EndGlobalSection
EndGlobal
